
Microsoft Visual Studio Solution File, Format Version 12.00
# Visual Studio Version 17
VisualStudioVersion = 17.13.35825.156 d17.13
MinimumVisualStudioVersion = 10.0.40219.1
Project("{FAE04EC0-301F-11D3-BF4B-00C04F79EFBC}") = "ErolGYM.MVC", "ErolGYM.MVC\ErolGYM.MVC.csproj", "{101BDDAE-8E2B-43CA-B8E1-CDC1A5EF4499}"
EndProject
Project("{FAE04EC0-301F-11D3-BF4B-00C04F79EFBC}") = "ErolGYM.DAL", "ErolGYM.DAL\ErolGYM.DAL.csproj", "{D91EBD27-C876-4657-832D-C6FE1C4079D8}"
EndProject
Project("{FAE04EC0-301F-11D3-BF4B-00C04F79EFBC}") = "ErolGYM.BL", "ErolGYM.BL\ErolGYM.BL.csproj", "{BAC64FDE-55E8-4D1E-B326-0303FEE45EF9}"
EndProject
Global
	GlobalSection(SolutionConfigurationPlatforms) = preSolution
		Debug|Any CPU = Debug|Any CPU
		Release|Any CPU = Release|Any CPU
	EndGlobalSection
	GlobalSection(ProjectConfigurationPlatforms) = postSolution
		{101BDDAE-8E2B-43CA-B8E1-CDC1A5EF4499}.Debug|Any CPU.ActiveCfg = Debug|Any CPU
		{101BDDAE-8E2B-43CA-B8E1-CDC1A5EF4499}.Debug|Any CPU.Build.0 = Debug|Any CPU
		{101BDDAE-8E2B-43CA-B8E1-CDC1A5EF4499}.Release|Any CPU.ActiveCfg = Release|Any CPU
		{101BDDAE-8E2B-43CA-B8E1-CDC1A5EF4499}.Release|Any CPU.Build.0 = Release|Any CPU
		{D91EBD27-C876-4657-832D-C6FE1C4079D8}.Debug|Any CPU.ActiveCfg = Debug|Any CPU
		{D91EBD27-C876-4657-832D-C6FE1C4079D8}.Debug|Any CPU.Build.0 = Debug|Any CPU
		{D91EBD27-C876-4657-832D-C6FE1C4079D8}.Release|Any CPU.ActiveCfg = Release|Any CPU
		{D91EBD27-C876-4657-832D-C6FE1C4079D8}.Release|Any CPU.Build.0 = Release|Any CPU
		{BAC64FDE-55E8-4D1E-B326-0303FEE45EF9}.Debug|Any CPU.ActiveCfg = Debug|Any CPU
		{BAC64FDE-55E8-4D1E-B326-0303FEE45EF9}.Debug|Any CPU.Build.0 = Debug|Any CPU
		{BAC64FDE-55E8-4D1E-B326-0303FEE45EF9}.Release|Any CPU.ActiveCfg = Release|Any CPU
		{BAC64FDE-55E8-4D1E-B326-0303FEE45EF9}.Release|Any CPU.Build.0 = Release|Any CPU
	EndGlobalSection
	GlobalSection(SolutionProperties) = preSolution
		HideSolutionNode = FALSE
	EndGlobalSection
	GlobalSection(ExtensibilityGlobals) = postSolution
		SolutionGuid = {3A98847A-CAFB-40EB-804E-74184A5565B8}
	EndGlobalSection
EndGlobal
