
Microsoft Visual Studio Solution File, Format Version 12.00
# Visual Studio Version 17
VisualStudioVersion = 17.13.35825.156
MinimumVisualStudioVersion = 10.0.40219.1
Project("{FAE04EC0-301F-11D3-BF4B-00C04F79EFBC}") = "ErolScholar.MVC", "ErolScholar.MVC\ErolScholar.MVC.csproj", "{B1F4A9F9-C112-4C24-867A-83447949CC74}"
EndProject
Project("{FAE04EC0-301F-11D3-BF4B-00C04F79EFBC}") = "ErolScholar.BL", "ErolScholar.BL\ErolScholar.BL.csproj", "{61503513-CABD-4EDC-A63A-DF2D727B2582}"
EndProject
Project("{FAE04EC0-301F-11D3-BF4B-00C04F79EFBC}") = "ErolScholar.DAL", "ErolScholar.DAL\ErolScholar.DAL.csproj", "{43D4E746-4A50-4447-A679-5F7B866D34C3}"
EndProject
Global
	GlobalSection(SolutionConfigurationPlatforms) = preSolution
		Debug|Any CPU = Debug|Any CPU
		Release|Any CPU = Release|Any CPU
	EndGlobalSection
	GlobalSection(ProjectConfigurationPlatforms) = postSolution
		{B1F4A9F9-C112-4C24-867A-83447949CC74}.Debug|Any CPU.ActiveCfg = Debug|Any CPU
		{B1F4A9F9-C112-4C24-867A-83447949CC74}.Debug|Any CPU.Build.0 = Debug|Any CPU
		{B1F4A9F9-C112-4C24-867A-83447949CC74}.Release|Any CPU.ActiveCfg = Release|Any CPU
		{B1F4A9F9-C112-4C24-867A-83447949CC74}.Release|Any CPU.Build.0 = Release|Any CPU
		{61503513-CABD-4EDC-A63A-DF2D727B2582}.Debug|Any CPU.ActiveCfg = Debug|Any CPU
		{61503513-CABD-4EDC-A63A-DF2D727B2582}.Debug|Any CPU.Build.0 = Debug|Any CPU
		{61503513-CABD-4EDC-A63A-DF2D727B2582}.Release|Any CPU.ActiveCfg = Release|Any CPU
		{61503513-CABD-4EDC-A63A-DF2D727B2582}.Release|Any CPU.Build.0 = Release|Any CPU
		{43D4E746-4A50-4447-A679-5F7B866D34C3}.Debug|Any CPU.ActiveCfg = Debug|Any CPU
		{43D4E746-4A50-4447-A679-5F7B866D34C3}.Debug|Any CPU.Build.0 = Debug|Any CPU
		{43D4E746-4A50-4447-A679-5F7B866D34C3}.Release|Any CPU.ActiveCfg = Release|Any CPU
		{43D4E746-4A50-4447-A679-5F7B866D34C3}.Release|Any CPU.Build.0 = Release|Any CPU
	EndGlobalSection
	GlobalSection(SolutionProperties) = preSolution
		HideSolutionNode = FALSE
	EndGlobalSection
	GlobalSection(ExtensibilityGlobals) = postSolution
		SolutionGuid = {324E77BE-BDCC-475D-83C4-3591176F8101}
	EndGlobalSection
EndGlobal
